// !$*UTF8*$!
{
	archiveVersion = 1;
	classes = {
	};
	objectVersion = 46;
	objects = {

/* Begin PBXBuildFile section */
		5B2173F51F59117C0014646D /* AppDelegate.swift in Sources */ = {isa = PBXBuildFile; fileRef = 5B2173F41F59117C0014646D /* AppDelegate.swift */; };
		5B2173F71F59117C0014646D /* ViewController.swift in Sources */ = {isa = PBXBuildFile; fileRef = 5B2173F61F59117C0014646D /* ViewController.swift */; };
		5B2173F91F59117C0014646D /* Assets.xcassets in Resources */ = {isa = PBXBuildFile; fileRef = 5B2173F81F59117C0014646D /* Assets.xcassets */; };
		5B2173FC1F59117C0014646D /* Main.storyboard in Resources */ = {isa = PBXBuildFile; fileRef = 5B2173FA1F59117C0014646D /* Main.storyboard */; };
		5B3535611F900FA100E5C9F7 /* NetworkInformation.m in Sources */ = {isa = PBXBuildFile; fileRef = 5B35355F1F900FA000E5C9F7 /* NetworkInformation.m */; };
		5BE5E9A31F591DEB00322DB8 /* NSWindow+Utils.swift in Sources */ = {isa = PBXBuildFile; fileRef = 5BE5E9A21F591DEB00322DB8 /* NSWindow+Utils.swift */; };
/* End PBXBuildFile section */

/* Begin PBXFileReference section */
		5B2173F11F59117C0014646D /* NetworkInfo.app */ = {isa = PBXFileReference; explicitFileType = wrapper.application; includeInIndex = 0; path = NetworkInfo.app; sourceTree = BUILT_PRODUCTS_DIR; };
		5B2173F41F59117C0014646D /* AppDelegate.swift */ = {isa = PBXFileReference; lastKnownFileType = sourcecode.swift; path = AppDelegate.swift; sourceTree = "<group>"; };
		5B2173F61F59117C0014646D /* ViewController.swift */ = {isa = PBXFileReference; lastKnownFileType = sourcecode.swift; path = ViewController.swift; sourceTree = "<group>"; };
		5B2173F81F59117C0014646D /* Assets.xcassets */ = {isa = PBXFileReference; lastKnownFileType = folder.assetcatalog; path = Assets.xcassets; sourceTree = "<group>"; };
		5B2173FB1F59117C0014646D /* Base */ = {isa = PBXFileReference; lastKnownFileType = file.storyboard; name = Base; path = Base.lproj/Main.storyboard; sourceTree = "<group>"; };
		5B2173FD1F59117C0014646D /* Info.plist */ = {isa = PBXFileReference; lastKnownFileType = text.plist.xml; path = Info.plist; sourceTree = "<group>"; };
		5B2174031F59151A0014646D /* NetworkInfo-Bridging-Header.h */ = {isa = PBXFileReference; lastKnownFileType = sourcecode.c.h; path = "NetworkInfo-Bridging-Header.h"; sourceTree = "<group>"; };
		5B35355F1F900FA000E5C9F7 /* NetworkInformation.m */ = {isa = PBXFileReference; lastKnownFileType = sourcecode.c.objc; path = NetworkInformation.m; sourceTree = "<group>"; };
		5B3535601F900FA000E5C9F7 /* NetworkInformation.h */ = {isa = PBXFileReference; lastKnownFileType = sourcecode.c.h; path = NetworkInformation.h; sourceTree = "<group>"; };
		5BE5E9A21F591DEB00322DB8 /* NSWindow+Utils.swift */ = {isa = PBXFileReference; fileEncoding = 4; lastKnownFileType = sourcecode.swift; path = "NSWindow+Utils.swift"; sourceTree = "<group>"; };
/* End PBXFileReference section */

/* Begin PBXFrameworksBuildPhase section */
		5B2173EE1F59117C0014646D /* Frameworks */ = {
			isa = PBXFrameworksBuildPhase;
			buildActionMask = 2147483647;
			files = (
			);
			runOnlyForDeploymentPostprocessing = 0;
		};
/* End PBXFrameworksBuildPhase section */

/* Begin PBXGroup section */
		5B2173E81F59117C0014646D = {
			isa = PBXGroup;
			children = (
				5B2173F31F59117C0014646D /* NetworkInfo */,
				5B2173F21F59117C0014646D /* Products */,
			);
			sourceTree = "<group>";
		};
		5B2173F21F59117C0014646D /* Products */ = {
			isa = PBXGroup;
			children = (
				5B2173F11F59117C0014646D /* NetworkInfo.app */,
			);
			name = Products;
			sourceTree = "<group>";
		};
		5B2173F31F59117C0014646D /* NetworkInfo */ = {
			isa = PBXGroup;
			children = (
				5B3535601F900FA000E5C9F7 /* NetworkInformation.h */,
				5B35355F1F900FA000E5C9F7 /* NetworkInformation.m */,
				5B2173F41F59117C0014646D /* AppDelegate.swift */,
				5B2173F61F59117C0014646D /* ViewController.swift */,
				5BE5E9A21F591DEB00322DB8 /* NSWindow+Utils.swift */,
				5B2173F81F59117C0014646D /* Assets.xcassets */,
				5B2173FA1F59117C0014646D /* Main.storyboard */,
				5B2173FD1F59117C0014646D /* Info.plist */,
				5B2174031F59151A0014646D /* NetworkInfo-Bridging-Header.h */,
			);
			path = NetworkInfo;
			sourceTree = "<group>";
		};
/* End PBXGroup section */

/* Begin PBXNativeTarget section */
		5B2173F01F59117C0014646D /* NetworkInfo */ = {
			isa = PBXNativeTarget;
			buildConfigurationList = 5B2174001F59117C0014646D /* Build configuration list for PBXNativeTarget "NetworkInfo" */;
			buildPhases = (
				5B2173ED1F59117C0014646D /* Sources */,
				5B2173EE1F59117C0014646D /* Frameworks */,
				5B2173EF1F59117C0014646D /* Resources */,
			);
			buildRules = (
			);
			dependencies = (
			);
			name = NetworkInfo;
			productName = NetworkInfo;
			productReference = 5B2173F11F59117C0014646D /* NetworkInfo.app */;
			productType = "com.apple.product-type.application";
		};
/* End PBXNativeTarget section */

/* Begin PBXProject section */
		5B2173E91F59117C0014646D /* Project object */ = {
			isa = PBXProject;
			attributes = {
				LastSwiftUpdateCheck = 0830;
				LastUpgradeCheck = 0830;
				ORGANIZATIONNAME = "Konstantin Portnov";
				TargetAttributes = {
					5B2173F01F59117C0014646D = {
						CreatedOnToolsVersion = 8.3.1;
						DevelopmentTeam = 6Z2NADR5HQ;
						LastSwiftMigration = 0830;
						ProvisioningStyle = Automatic;
					};
				};
			};
			buildConfigurationList = 5B2173EC1F59117C0014646D /* Build configuration list for PBXProject "NetworkInfo" */;
			compatibilityVersion = "Xcode 3.2";
			developmentRegion = English;
			hasScannedForEncodings = 0;
			knownRegions = (
				en,
				Base,
			);
			mainGroup = 5B2173E81F59117C0014646D;
			productRefGroup = 5B2173F21F59117C0014646D /* Products */;
			projectDirPath = "";
			projectRoot = "";
			targets = (
				5B2173F01F59117C0014646D /* NetworkInfo */,
			);
		};
/* End PBXProject section */

/* Begin PBXResourcesBuildPhase section */
		5B2173EF1F59117C0014646D /* Resources */ = {
			isa = PBXResourcesBuildPhase;
			buildActionMask = 2147483647;
			files = (
				5B2173F91F59117C0014646D /* Assets.xcassets in Resources */,
				5B2173FC1F59117C0014646D /* Main.storyboard in Resources */,
			);
			runOnlyForDeploymentPostprocessing = 0;
		};
/* End PBXResourcesBuildPhase section */

/* Begin PBXSourcesBuildPhase section */
		5B2173ED1F59117C0014646D /* Sources */ = {
			isa = PBXSourcesBuildPhase;
			buildActionMask = 2147483647;
			files = (
				5B3535611F900FA100E5C9F7 /* NetworkInformation.m in Sources */,
				5BE5E9A31F591DEB00322DB8 /* NSWindow+Utils.swift in Sources */,
				5B2173F71F59117C0014646D /* ViewController.swift in Sources */,
				5B2173F51F59117C0014646D /* AppDelegate.swift in Sources */,
			);
			runOnlyForDeploymentPostprocessing = 0;
		};
/* End PBXSourcesBuildPhase section */

/* Begin PBXVariantGroup section */
		5B2173FA1F59117C0014646D /* Main.storyboard */ = {
			isa = PBXVariantGroup;
			children = (
				5B2173FB1F59117C0014646D /* Base */,
			);
			name = Main.storyboard;
			sourceTree = "<group>";
		};
/* End PBXVariantGroup section */

/* Begin XCBuildConfiguration section */
		5B2173FE1F59117C0014646D /* Debug */ = {
			isa = XCBuildConfiguration;
			buildSettings = {
				ALWAYS_SEARCH_USER_PATHS = NO;
				CLANG_ANALYZER_NONNULL = YES;
				CLANG_ANALYZER_NUMBER_OBJECT_CONVERSION = YES_AGGRESSIVE;
				CLANG_CXX_LANGUAGE_STANDARD = "gnu++0x";
				CLANG_CXX_LIBRARY = "libc++";
				CLANG_ENABLE_MODULES = YES;
				CLANG_ENABLE_OBJC_ARC = YES;
				CLANG_WARN_BOOL_CONVERSION = YES;
				CLANG_WARN_CONSTANT_CONVERSION = YES;
				CLANG_WARN_DIRECT_OBJC_ISA_USAGE = YES_ERROR;
				CLANG_WARN_DOCUMENTATION_COMMENTS = YES;
				CLANG_WARN_EMPTY_BODY = YES;
				CLANG_WARN_ENUM_CONVERSION = YES;
				CLANG_WARN_INFINITE_RECURSION = YES;
				CLANG_WARN_INT_CONVERSION = YES;
				CLANG_WARN_OBJC_ROOT_CLASS = YES_ERROR;
				CLANG_WARN_SUSPICIOUS_MOVE = YES;
				CLANG_WARN_UNREACHABLE_CODE = YES;
				CLANG_WARN__DUPLICATE_METHOD_MATCH = YES;
				CODE_SIGN_IDENTITY = "-";
				COPY_PHASE_STRIP = NO;
				DEBUG_INFORMATION_FORMAT = dwarf;
				ENABLE_STRICT_OBJC_MSGSEND = YES;
				ENABLE_TESTABILITY = YES;
				GCC_C_LANGUAGE_STANDARD = gnu99;
				GCC_DYNAMIC_NO_PIC = NO;
				GCC_NO_COMMON_BLOCKS = YES;
				GCC_OPTIMIZATION_LEVEL = 0;
				GCC_PREPROCESSOR_DEFINITIONS = (
					"DEBUG=1",
					"$(inherited)",
				);
				GCC_WARN_64_TO_32_BIT_CONVERSION = YES;
				GCC_WARN_ABOUT_RETURN_TYPE = YES_ERROR;
				GCC_WARN_UNDECLARED_SELECTOR = YES;
				GCC_WARN_UNINITIALIZED_AUTOS = YES_AGGRESSIVE;
				GCC_WARN_UNUSED_FUNCTION = YES;
				GCC_WARN_UNUSED_VARIABLE = YES;
				MACOSX_DEPLOYMENT_TARGET = 10.12;
				MTL_ENABLE_DEBUG_INFO = YES;
				ONLY_ACTIVE_ARCH = YES;
				SDKROOT = macosx;
				SWIFT_ACTIVE_COMPILATION_CONDITIONS = DEBUG;
				SWIFT_OPTIMIZATION_LEVEL = "-Onone";
			};
			name = Debug;
		};
		5B2173FF1F59117C0014646D /* Release */ = {
			isa = XCBuildConfiguration;
			buildSettings = {
				ALWAYS_SEARCH_USER_PATHS = NO;
				CLANG_ANALYZER_NONNULL = YES;
				CLANG_ANALYZER_NUMBER_OBJECT_CONVERSION = YES_AGGRESSIVE;
				CLANG_CXX_LANGUAGE_STANDARD = "gnu++0x";
				CLANG_CXX_LIBRARY = "libc++";
				CLANG_ENABLE_MODULES = YES;
				CLANG_ENABLE_OBJC_ARC = YES;
				CLANG_WARN_BOOL_CONVERSION = YES;
				CLANG_WARN_CONSTANT_CONVERSION = YES;
				CLANG_WARN_DIRECT_OBJC_ISA_USAGE = YES_ERROR;
				CLANG_WARN_DOCUMENTATION_COMMENTS = YES;
				CLANG_WARN_EMPTY_BODY = YES;
				CLANG_WARN_ENUM_CONVERSION = YES;
				CLANG_WARN_INFINITE_RECURSION = YES;
				CLANG_WARN_INT_CONVERSION = YES;
				CLANG_WARN_OBJC_ROOT_CLASS = YES_ERROR;
				CLANG_WARN_SUSPICIOUS_MOVE = YES;
				CLANG_WARN_UNREACHABLE_CODE = YES;
				CLANG_WARN__DUPLICATE_METHOD_MATCH = YES;
				CODE_SIGN_IDENTITY = "-";
				COPY_PHASE_STRIP = NO;
				DEBUG_INFORMATION_FORMAT = "dwarf-with-dsym";
				ENABLE_NS_ASSERTIONS = NO;
				ENABLE_STRICT_OBJC_MSGSEND = YES;
				GCC_C_LANGUAGE_STANDARD = gnu99;
				GCC_NO_COMMON_BLOCKS = YES;
				GCC_WARN_64_TO_32_BIT_CONVERSION = YES;
				GCC_WARN_ABOUT_RETURN_TYPE = YES_ERROR;
				GCC_WARN_UNDECLARED_SELECTOR = YES;
				GCC_WARN_UNINITIALIZED_AUTOS = YES_AGGRESSIVE;
				GCC_WARN_UNUSED_FUNCTION = YES;
				GCC_WARN_UNUSED_VARIABLE = YES;
				MACOSX_DEPLOYMENT_TARGET = 10.12;
				MTL_ENABLE_DEBUG_INFO = NO;
				SDKROOT = macosx;
				SWIFT_OPTIMIZATION_LEVEL = "-Owholemodule";
			};
			name = Release;
		};
		5B2174011F59117C0014646D /* Debug */ = {
			isa = XCBuildConfiguration;
			buildSettings = {
				ASSETCATALOG_COMPILER_APPICON_NAME = AppIcon;
				CLANG_ENABLE_MODULES = YES;
				COMBINE_HIDPI_IMAGES = YES;
				DEVELOPMENT_TEAM = 6Z2NADR5HQ;
				INFOPLIST_FILE = NetworkInfo/Info.plist;
				LD_RUNPATH_SEARCH_PATHS = "$(inherited) @executable_path/../Frameworks";
				PRODUCT_BUNDLE_IDENTIFIER = me.x0000ff.NetworkInfo;
				PRODUCT_NAME = "$(TARGET_NAME)";
				SWIFT_OBJC_BRIDGING_HEADER = "NetworkInfo/NetworkInfo-Bridging-Header.h";
				SWIFT_OPTIMIZATION_LEVEL = "-Onone";
				SWIFT_VERSION = 3.0;
			};
			name = Debug;
		};
		5B2174021F59117C0014646D /* Release */ = {
			isa = XCBuildConfiguration;
			buildSettings = {
				ASSETCATALOG_COMPILER_APPICON_NAME = AppIcon;
				CLANG_ENABLE_MODULES = YES;
				COMBINE_HIDPI_IMAGES = YES;
				DEVELOPMENT_TEAM = 6Z2NADR5HQ;
				INFOPLIST_FILE = NetworkInfo/Info.plist;
				LD_RUNPATH_SEARCH_PATHS = "$(inherited) @executable_path/../Frameworks";
				PRODUCT_BUNDLE_IDENTIFIER = me.x0000ff.NetworkInfo;
				PRODUCT_NAME = "$(TARGET_NAME)";
				SWIFT_OBJC_BRIDGING_HEADER = "NetworkInfo/NetworkInfo-Bridging-Header.h";
				SWIFT_VERSION = 3.0;
			};
			name = Release;
		};
/* End XCBuildConfiguration section */

/* Begin XCConfigurationList section */
		5B2173EC1F59117C0014646D /* Build configuration list for PBXProject "NetworkInfo" */ = {
			isa = XCConfigurationList;
			buildConfigurations = (
				5B2173FE1F59117C0014646D /* Debug */,
				5B2173FF1F59117C0014646D /* Release */,
			);
			defaultConfigurationIsVisible = 0;
			defaultConfigurationName = Release;
		};
		5B2174001F59117C0014646D /* Build configuration list for PBXNativeTarget "NetworkInfo" */ = {
			isa = XCConfigurationList;
			buildConfigurations = (
				5B2174011F59117C0014646D /* Debug */,
				5B2174021F59117C0014646D /* Release */,
			);
			defaultConfigurationIsVisible = 0;
			defaultConfigurationName = Release;
		};
/* End XCConfigurationList section */
	};
	rootObject = 5B2173E91F59117C0014646D /* Project object */;
}
